
Microsoft Visual Studio Solution File, Format Version 12.00
# Visual Studio Version 17
VisualStudioVersion = 17.5.33424.131
MinimumVisualStudioVersion = 10.0.40219.1
Project("{8BC9CEB8-8B4A-11D0-8D11-00A0C91BC942}") = "shpc", "shpc.vcxproj", "{80B38C80-7123-420D-8990-880B9FC767D8}"
	ProjectSection(ProjectDependencies) = postProject
		{14DF12E2-5016-45C2-A48A-C013AFCF037F} = {14DF12E2-5016-45C2-A48A-C013AFCF037F}
	EndProjectSection
EndProject
Project("{8BC9CEB8-8B4A-11D0-8D11-00A0C91BC942}") = "Core", "..\libcore\Core.vcxproj", "{14DF12E2-5016-45C2-A48A-C013AFCF037F}"
EndProject
Global
	GlobalSection(SolutionConfigurationPlatforms) = preSolution
		Debug|x64 = Debug|x64
		Debug|x86 = Debug|x86
		Release (static VC2017)|x64 = Release (static VC2017)|x64
		Release (static VC2017)|x86 = Release (static VC2017)|x86
		Release|x64 = Release|x64
		Release|x86 = Release|x86
		Test|x64 = Test|x64
		Test|x86 = Test|x86
	EndGlobalSection
	GlobalSection(ProjectConfigurationPlatforms) = postSolution
		{80B38C80-7123-420D-8990-880B9FC767D8}.Debug|x64.ActiveCfg = Debug|x64
		{80B38C80-7123-420D-8990-880B9FC767D8}.Debug|x64.Build.0 = Debug|x64
		{80B38C80-7123-420D-8990-880B9FC767D8}.Debug|x86.ActiveCfg = Debug|Win32
		{80B38C80-7123-420D-8990-880B9FC767D8}.Debug|x86.Build.0 = Debug|Win32
		{80B38C80-7123-420D-8990-880B9FC767D8}.Release (static VC2017)|x64.ActiveCfg = Release|x64
		{80B38C80-7123-420D-8990-880B9FC767D8}.Release (static VC2017)|x64.Build.0 = Release|x64
		{80B38C80-7123-420D-8990-880B9FC767D8}.Release (static VC2017)|x86.ActiveCfg = Release|Win32
		{80B38C80-7123-420D-8990-880B9FC767D8}.Release (static VC2017)|x86.Build.0 = Release|Win32
		{80B38C80-7123-420D-8990-880B9FC767D8}.Release|x64.ActiveCfg = Release|x64
		{80B38C80-7123-420D-8990-880B9FC767D8}.Release|x64.Build.0 = Release|x64
		{80B38C80-7123-420D-8990-880B9FC767D8}.Release|x86.ActiveCfg = Release|Win32
		{80B38C80-7123-420D-8990-880B9FC767D8}.Release|x86.Build.0 = Release|Win32
		{80B38C80-7123-420D-8990-880B9FC767D8}.Test|x64.ActiveCfg = Debug|x64
		{80B38C80-7123-420D-8990-880B9FC767D8}.Test|x64.Build.0 = Debug|x64
		{80B38C80-7123-420D-8990-880B9FC767D8}.Test|x86.ActiveCfg = Debug|Win32
		{80B38C80-7123-420D-8990-880B9FC767D8}.Test|x86.Build.0 = Debug|Win32
		{14DF12E2-5016-45C2-A48A-C013AFCF037F}.Debug|x64.ActiveCfg = Debug|x64
		{14DF12E2-5016-45C2-A48A-C013AFCF037F}.Debug|x64.Build.0 = Debug|x64
		{14DF12E2-5016-45C2-A48A-C013AFCF037F}.Debug|x86.ActiveCfg = Debug|Win32
		{14DF12E2-5016-45C2-A48A-C013AFCF037F}.Debug|x86.Build.0 = Debug|Win32
		{14DF12E2-5016-45C2-A48A-C013AFCF037F}.Release (static VC2017)|x64.ActiveCfg = Release|x64
		{14DF12E2-5016-45C2-A48A-C013AFCF037F}.Release (static VC2017)|x64.Build.0 = Release|x64
		{14DF12E2-5016-45C2-A48A-C013AFCF037F}.Release (static VC2017)|x86.ActiveCfg = Release|Win32
		{14DF12E2-5016-45C2-A48A-C013AFCF037F}.Release (static VC2017)|x86.Build.0 = Release|Win32
		{14DF12E2-5016-45C2-A48A-C013AFCF037F}.Release|x64.ActiveCfg = Release|x64
		{14DF12E2-5016-45C2-A48A-C013AFCF037F}.Release|x64.Build.0 = Release|x64
		{14DF12E2-5016-45C2-A48A-C013AFCF037F}.Release|x86.ActiveCfg = Release|Win32
		{14DF12E2-5016-45C2-A48A-C013AFCF037F}.Release|x86.Build.0 = Release|Win32
		{14DF12E2-5016-45C2-A48A-C013AFCF037F}.Test|x64.ActiveCfg = Test|x64
		{14DF12E2-5016-45C2-A48A-C013AFCF037F}.Test|x64.Build.0 = Test|x64
		{14DF12E2-5016-45C2-A48A-C013AFCF037F}.Test|x86.ActiveCfg = Test|Win32
		{14DF12E2-5016-45C2-A48A-C013AFCF037F}.Test|x86.Build.0 = Test|Win32
	EndGlobalSection
	GlobalSection(SolutionProperties) = preSolution
		HideSolutionNode = FALSE
	EndGlobalSection
	GlobalSection(ExtensibilityGlobals) = postSolution
		SolutionGuid = {7EBF9DFF-9AE4-42CB-AE72-E91E39790AC9}
	EndGlobalSection
EndGlobal
